
Microsoft Visual Studio Solution File, Format Version 12.00
# Visual Studio Version 17
VisualStudioVersion = 17.4.33122.133
MinimumVisualStudioVersion = 10.0.40219.1
Project("{FAE04EC0-301F-11D3-BF4B-00C04F79EFBC}") = "dotNET-EF-Core", "dotNET-EF-Core\dotNET-EF-Core.csproj", "{284B1ED1-FAF0-4915-993C-82F11800670C}"
EndProject
Global
	GlobalSection(SolutionConfigurationPlatforms) = preSolution
		Debug|Any CPU = Debug|Any CPU
		Release|Any CPU = Release|Any CPU
	EndGlobalSection
	GlobalSection(ProjectConfigurationPlatforms) = postSolution
		{284B1ED1-FAF0-4915-993C-82F11800670C}.Debug|Any CPU.ActiveCfg = Debug|Any CPU
		{284B1ED1-FAF0-4915-993C-82F11800670C}.Debug|Any CPU.Build.0 = Debug|Any CPU
		{284B1ED1-FAF0-4915-993C-82F11800670C}.Release|Any CPU.ActiveCfg = Release|Any CPU
		{284B1ED1-FAF0-4915-993C-82F11800670C}.Release|Any CPU.Build.0 = Release|Any CPU
	EndGlobalSection
	GlobalSection(SolutionProperties) = preSolution
		HideSolutionNode = FALSE
	EndGlobalSection
	GlobalSection(ExtensibilityGlobals) = postSolution
		SolutionGuid = {B08B3561-D8DB-4CB4-ACAF-F214E318C2B8}
	EndGlobalSection
EndGlobal
